dependencies:
  idf:
    source:
      type: idf
    version: 5.5.1
  lvgl:
    dependencies: []
    source:
      path: D:\Hexapod\CustomController\controllerV2\controllerV2\components\lvgl
      type: local
    version: 8.2.0
direct_dependencies:
- idf
- lvgl/lvgl
manifest_hash: 56b01e993934784c24d19f2eadc60e7bd09faf8017d2db57c3ff0d1773e426ed
target: esp32s3
version: 2.0.0
